{"packages":{"log4dart":{"version":"1.2.0","source":"git","description":{"url":"https://github.com/linkTDP/log4dart.git","ref":null,"resolved-ref":"578f6208d330a31b4dc059f702dc6ea28d18c2d2"}},"sprintf":{"version":"1.0.1","source":"git","description":{"url":"https://github.com/linkTDP/dart-sprintf.git","ref":null,"resolved-ref":"62c0ef39fa83285a25fbf3f2c45148dc52a4d225"}},"unittest":{"version":"0.2.9+7","source":"hosted","description":"unittest"}}}